
Microsoft Visual Studio Solution File, Format Version 12.00
# Visual Studio 15
VisualStudioVersion = 15.0.28307.572
MinimumVisualStudioVersion = 10.0.40219.1
Project("{FAE04EC0-301F-11D3-BF4B-00C04F79EFBC}") = "Prodavnica", "Prodavnica\Prodavnica.csproj", "{9E00FF1E-AB86-4DCC-BBD3-54083711A3E3}"
EndProject
Global
	GlobalSection(SolutionConfigurationPlatforms) = preSolution
		Debug|Any CPU = Debug|Any CPU
		Release|Any CPU = Release|Any CPU
	EndGlobalSection
	GlobalSection(ProjectConfigurationPlatforms) = postSolution
		{9E00FF1E-AB86-4DCC-BBD3-54083711A3E3}.Debug|Any CPU.ActiveCfg = Debug|Any CPU
		{9E00FF1E-AB86-4DCC-BBD3-54083711A3E3}.Debug|Any CPU.Build.0 = Debug|Any CPU
		{9E00FF1E-AB86-4DCC-BBD3-54083711A3E3}.Release|Any CPU.ActiveCfg = Release|Any CPU
		{9E00FF1E-AB86-4DCC-BBD3-54083711A3E3}.Release|Any CPU.Build.0 = Release|Any CPU
	EndGlobalSection
	GlobalSection(SolutionProperties) = preSolution
		HideSolutionNode = FALSE
	EndGlobalSection
	GlobalSection(ExtensibilityGlobals) = postSolution
		SolutionGuid = {1BD8CA65-6DBE-42E9-996E-F061D23B5B89}
	EndGlobalSection
EndGlobal
